
Microsoft Visual Studio Solution File, Format Version 12.00
# Visual Studio 2012
Project("{FAE04EC0-301F-11D3-BF4B-00C04F79EFBC}") = "ThrowException", "ThrowException\ThrowException.csproj", "{A14FD1D6-9E40-4AB4-903F-42751014674C}"
EndProject
Project("{FAE04EC0-301F-11D3-BF4B-00C04F79EFBC}") = "ThrowException.Test", "ThrowException.Test\ThrowException.Test.csproj", "{1CBE076B-2469-4013-96E1-FB66FD5ADFD5}"
EndProject
Global
	GlobalSection(SolutionConfigurationPlatforms) = preSolution
		Debug|Any CPU = Debug|Any CPU
		Release|Any CPU = Release|Any CPU
	EndGlobalSection
	GlobalSection(ProjectConfigurationPlatforms) = postSolution
		{A14FD1D6-9E40-4AB4-903F-42751014674C}.Debug|Any CPU.ActiveCfg = Debug|Any CPU
		{A14FD1D6-9E40-4AB4-903F-42751014674C}.Debug|Any CPU.Build.0 = Debug|Any CPU
		{A14FD1D6-9E40-4AB4-903F-42751014674C}.Release|Any CPU.ActiveCfg = Release|Any CPU
		{A14FD1D6-9E40-4AB4-903F-42751014674C}.Release|Any CPU.Build.0 = Release|Any CPU
		{1CBE076B-2469-4013-96E1-FB66FD5ADFD5}.Debug|Any CPU.ActiveCfg = Debug|Any CPU
		{1CBE076B-2469-4013-96E1-FB66FD5ADFD5}.Debug|Any CPU.Build.0 = Debug|Any CPU
		{1CBE076B-2469-4013-96E1-FB66FD5ADFD5}.Release|Any CPU.ActiveCfg = Release|Any CPU
		{1CBE076B-2469-4013-96E1-FB66FD5ADFD5}.Release|Any CPU.Build.0 = Release|Any CPU
	EndGlobalSection
	GlobalSection(SolutionProperties) = preSolution
		HideSolutionNode = FALSE
	EndGlobalSection
EndGlobal
